
Microsoft Visual Studio Solution File, Format Version 12.00
# Visual Studio Version 17
VisualStudioVersion = 17.6.33723.286
MinimumVisualStudioVersion = 10.0.40219.1
Project("{9A19103F-16F7-4668-BE54-9A1E7A4F7556}") = "InstagramAnalyzer.Web", "InstagramAnalyzer.Web\InstagramAnalyzer.Web.csproj", "{AE96F952-7324-45BC-80AE-7A5EAF8B1148}"
EndProject
Project("{FAE04EC0-301F-11D3-BF4B-00C04F79EFBC}") = "InstagramAnalyzer.API", "InstagramAnalyzer.API\InstagramAnalyzer.API.csproj", "{1F2F3038-E859-49E9-BFF3-1ADC8311DAAD}"
EndProject
Global
	GlobalSection(SolutionConfigurationPlatforms) = preSolution
		Debug|Any CPU = Debug|Any CPU
		Release|Any CPU = Release|Any CPU
	EndGlobalSection
	GlobalSection(ProjectConfigurationPlatforms) = postSolution
		{AE96F952-7324-45BC-80AE-7A5EAF8B1148}.Debug|Any CPU.ActiveCfg = Debug|Any CPU
		{AE96F952-7324-45BC-80AE-7A5EAF8B1148}.Debug|Any CPU.Build.0 = Debug|Any CPU
		{AE96F952-7324-45BC-80AE-7A5EAF8B1148}.Release|Any CPU.ActiveCfg = Release|Any CPU
		{AE96F952-7324-45BC-80AE-7A5EAF8B1148}.Release|Any CPU.Build.0 = Release|Any CPU
		{1F2F3038-E859-49E9-BFF3-1ADC8311DAAD}.Debug|Any CPU.ActiveCfg = Debug|Any CPU
		{1F2F3038-E859-49E9-BFF3-1ADC8311DAAD}.Debug|Any CPU.Build.0 = Debug|Any CPU
		{1F2F3038-E859-49E9-BFF3-1ADC8311DAAD}.Release|Any CPU.ActiveCfg = Release|Any CPU
		{1F2F3038-E859-49E9-BFF3-1ADC8311DAAD}.Release|Any CPU.Build.0 = Release|Any CPU
	EndGlobalSection
	GlobalSection(SolutionProperties) = preSolution
		HideSolutionNode = FALSE
	EndGlobalSection
	GlobalSection(ExtensibilityGlobals) = postSolution
		SolutionGuid = {3813CDCD-A36B-4743-9473-D6692349C1FF}
	EndGlobalSection
EndGlobal
